{
  "name": "index.htmx",
  "version": "0.0.0",
  "lockfileVersion": 3,
  "requires": true,
  "packages": {
    "": {
      "name": "index.htmx",
      "version": "0.0.0",
      "license": "MIT",
      "dependencies": {
        "@picocss/pico": "^2.0.6",
        "htmx.org": "^4.0.0-alpha2"
      }
    },
    "node_modules/@picocss/pico": {
      "version": "2.1.1",
      "resolved": "https://registry.npmjs.org/@picocss/pico/-/pico-2.1.1.tgz",
      "integrity": "sha512-kIDugA7Ps4U+2BHxiNHmvgPIQDWPDU4IeU6TNRdvXQM1uZX+FibqDQT2xUOnnO2yq/LUHcwnGlu1hvf4KfXnMg==",
      "license": "MIT"
    },
    "node_modules/htmx.org": {
      "version": "4.0.0-alpha2",
      "resolved": "https://registry.npmjs.org/htmx.org/-/htmx.org-4.0.0-alpha2.tgz",
      "integrity": "sha512-kqMLPtlUzDiP2Iqo1UQmGkCZebYr9jza+sDm7X8bzGhMmBkfOKrbqnqPrFmIrsXVWB9hc0PxXEHmrfhYPgHOZA=="
    }
  }
}
